// !$*UTF8*$!
{
	archiveVersion = 1;
	classes = {
	};
	objectVersion = 55;
	objects = {

/* Begin PBXBuildFile section */
		646543BDAE4EABE8B6418D84 /* Pods_Pokemon.framework in Frameworks */ = {isa = PBXBuildFile; fileRef = 3A8805B505FFE9705EAF4D77 /* Pods_Pokemon.framework */; };
		6B0930522911561400D66B47 /* AppDelegate.swift in Sources */ = {isa = PBXBuildFile; fileRef = 6B0930512911561400D66B47 /* AppDelegate.swift */; };
		6B0930542911561400D66B47 /* SceneDelegate.swift in Sources */ = {isa = PBXBuildFile; fileRef = 6B0930532911561400D66B47 /* SceneDelegate.swift */; };
		6B0930562911561400D66B47 /* ViewController.swift in Sources */ = {isa = PBXBuildFile; fileRef = 6B0930552911561400D66B47 /* ViewController.swift */; };
		6B09305B2911561600D66B47 /* Assets.xcassets in Resources */ = {isa = PBXBuildFile; fileRef = 6B09305A2911561600D66B47 /* Assets.xcassets */; };
		6B09305E2911561600D66B47 /* LaunchScreen.storyboard in Resources */ = {isa = PBXBuildFile; fileRef = 6B09305C2911561600D66B47 /* LaunchScreen.storyboard */; };
		6B0930672911592700D66B47 /* PokemonsViewController.swift in Sources */ = {isa = PBXBuildFile; fileRef = 6B0930662911592700D66B47 /* PokemonsViewController.swift */; };
		6B09306B2911596A00D66B47 /* FavoritePokemonsViewController.swift in Sources */ = {isa = PBXBuildFile; fileRef = 6B09306A2911596A00D66B47 /* FavoritePokemonsViewController.swift */; };
		6B09306F2911643A00D66B47 /* ResourceDataModel.swift in Sources */ = {isa = PBXBuildFile; fileRef = 6B09306E2911643A00D66B47 /* ResourceDataModel.swift */; };
		6B0930712911647600D66B47 /* PokemonDataModel.swift in Sources */ = {isa = PBXBuildFile; fileRef = 6B0930702911647600D66B47 /* PokemonDataModel.swift */; };
		6B093073291165C500D66B47 /* PokemonCell.swift in Sources */ = {isa = PBXBuildFile; fileRef = 6B093072291165C500D66B47 /* PokemonCell.swift */; };
		6B0930752911663E00D66B47 /* Constants.swift in Sources */ = {isa = PBXBuildFile; fileRef = 6B0930742911663E00D66B47 /* Constants.swift */; };
		6B09307C29117ACA00D66B47 /* ApiURL.swift in Sources */ = {isa = PBXBuildFile; fileRef = 6B09307B29117ACA00D66B47 /* ApiURL.swift */; };
		6B09307E29117AF000D66B47 /* HTTPMethod.swift in Sources */ = {isa = PBXBuildFile; fileRef = 6B09307D29117AF000D66B47 /* HTTPMethod.swift */; };
		6B09308029117B1000D66B47 /* NetworkingError.swift in Sources */ = {isa = PBXBuildFile; fileRef = 6B09307F29117B1000D66B47 /* NetworkingError.swift */; };
		6B09308229117B3800D66B47 /* NetworkManager.swift in Sources */ = {isa = PBXBuildFile; fileRef = 6B09308129117B3800D66B47 /* NetworkManager.swift */; };
		6B09E9F12916DC6C00DA227A /* PokemonDetailsDataModelFULL.swift in Sources */ = {isa = PBXBuildFile; fileRef = 6B09E9F02916DC6C00DA227A /* PokemonDetailsDataModelFULL.swift */; };
		6B3C09192913E527006FC890 /* PokemonNetworkManager000.swift in Sources */ = {isa = PBXBuildFile; fileRef = 6B3C09182913E527006FC890 /* PokemonNetworkManager000.swift */; };
		6B6FAE3F29117FEF00C26690 /* ApiService.swift in Sources */ = {isa = PBXBuildFile; fileRef = 6B6FAE3E29117FEF00C26690 /* ApiService.swift */; };
		6B6FAE4129118D1400C26690 /* FavoriteCell.swift in Sources */ = {isa = PBXBuildFile; fileRef = 6B6FAE4029118D1400C26690 /* FavoriteCell.swift */; };
		6B6FAE432911910100C26690 /* FavoritePokemonDataModel.swift in Sources */ = {isa = PBXBuildFile; fileRef = 6B6FAE422911910100C26690 /* FavoritePokemonDataModel.swift */; };
		6B6FAE462911BAAF00C26690 /* DetailsPokemonViewController.swift in Sources */ = {isa = PBXBuildFile; fileRef = 6B6FAE452911BAAF00C26690 /* DetailsPokemonViewController.swift */; };
		6B98B873291BE11900F90F25 /* PokemonTests.swift in Sources */ = {isa = PBXBuildFile; fileRef = 6B98B872291BE11900F90F25 /* PokemonTests.swift */; };
		6BA60BA22919B23300796A67 /* Extensions.swift in Sources */ = {isa = PBXBuildFile; fileRef = 6BA60BA12919B23300796A67 /* Extensions.swift */; };
		6BA60BA4291A665600796A67 /* Colors.swift in Sources */ = {isa = PBXBuildFile; fileRef = 6BA60BA3291A665600796A67 /* Colors.swift */; };
		6BA60BAC291A6B7700796A67 /* PokemonsViewModel.swift in Sources */ = {isa = PBXBuildFile; fileRef = 6BA60BAB291A6B7700796A67 /* PokemonsViewModel.swift */; };
		6BA60BAE291A6BBA00796A67 /* DetailsPokemonViewModel.swift in Sources */ = {isa = PBXBuildFile; fileRef = 6BA60BAD291A6BBA00796A67 /* DetailsPokemonViewModel.swift */; };
		6BA60BB0291A766500796A67 /* PokemonNetworkManager.swift in Sources */ = {isa = PBXBuildFile; fileRef = 6BA60BAF291A766500796A67 /* PokemonNetworkManager.swift */; };
		6BA60BB3291ACEB800796A67 /* PokemonDetailsDataModel.swift in Sources */ = {isa = PBXBuildFile; fileRef = 6BA60BB2291ACEB800796A67 /* PokemonDetailsDataModel.swift */; };
/* End PBXBuildFile section */

/* Begin PBXContainerItemProxy section */
		6B98B874291BE11900F90F25 /* PBXContainerItemProxy */ = {
			isa = PBXContainerItemProxy;
			containerPortal = 6B0930462911561400D66B47 /* Project object */;
			proxyType = 1;
			remoteGlobalIDString = 6B09304D2911561400D66B47;
			remoteInfo = Pokemon;
		};
/* End PBXContainerItemProxy section */

/* Begin PBXFileReference section */
		3A8805B505FFE9705EAF4D77 /* Pods_Pokemon.framework */ = {isa = PBXFileReference; explicitFileType = wrapper.framework; includeInIndex = 0; path = Pods_Pokemon.framework; sourceTree = BUILT_PRODUCTS_DIR; };
		6B09304E2911561400D66B47 /* Pokemon.app */ = {isa = PBXFileReference; explicitFileType = wrapper.application; includeInIndex = 0; path = Pokemon.app; sourceTree = BUILT_PRODUCTS_DIR; };
		6B0930512911561400D66B47 /* AppDelegate.swift */ = {isa = PBXFileReference; lastKnownFileType = sourcecode.swift; path = AppDelegate.swift; sourceTree = "<group>"; };
		6B0930532911561400D66B47 /* SceneDelegate.swift */ = {isa = PBXFileReference; lastKnownFileType = sourcecode.swift; path = SceneDelegate.swift; sourceTree = "<group>"; };
		6B0930552911561400D66B47 /* ViewController.swift */ = {isa = PBXFileReference; lastKnownFileType = sourcecode.swift; path = ViewController.swift; sourceTree = "<group>"; };
		6B09305A2911561600D66B47 /* Assets.xcassets */ = {isa = PBXFileReference; lastKnownFileType = folder.assetcatalog; path = Assets.xcassets; sourceTree = "<group>"; };
		6B09305D2911561600D66B47 /* Base */ = {isa = PBXFileReference; lastKnownFileType = file.storyboard; name = Base; path = Base.lproj/LaunchScreen.storyboard; sourceTree = "<group>"; };
		6B09305F2911561600D66B47 /* Info.plist */ = {isa = PBXFileReference; lastKnownFileType = text.plist.xml; path = Info.plist; sourceTree = "<group>"; };
		6B0930662911592700D66B47 /* PokemonsViewController.swift */ = {isa = PBXFileReference; lastKnownFileType = sourcecode.swift; path = PokemonsViewController.swift; sourceTree = "<group>"; };
		6B09306A2911596A00D66B47 /* FavoritePokemonsViewController.swift */ = {isa = PBXFileReference; lastKnownFileType = sourcecode.swift; path = FavoritePokemonsViewController.swift; sourceTree = "<group>"; };
		6B09306E2911643A00D66B47 /* ResourceDataModel.swift */ = {isa = PBXFileReference; lastKnownFileType = sourcecode.swift; path = ResourceDataModel.swift; sourceTree = "<group>"; };
		6B0930702911647600D66B47 /* PokemonDataModel.swift */ = {isa = PBXFileReference; lastKnownFileType = sourcecode.swift; path = PokemonDataModel.swift; sourceTree = "<group>"; };
		6B093072291165C500D66B47 /* PokemonCell.swift */ = {isa = PBXFileReference; lastKnownFileType = sourcecode.swift; path = PokemonCell.swift; sourceTree = "<group>"; };
		6B0930742911663E00D66B47 /* Constants.swift */ = {isa = PBXFileReference; lastKnownFileType = sourcecode.swift; path = Constants.swift; sourceTree = "<group>"; };
		6B09307B29117ACA00D66B47 /* ApiURL.swift */ = {isa = PBXFileReference; lastKnownFileType = sourcecode.swift; path = ApiURL.swift; sourceTree = "<group>"; };
		6B09307D29117AF000D66B47 /* HTTPMethod.swift */ = {isa = PBXFileReference; lastKnownFileType = sourcecode.swift; path = HTTPMethod.swift; sourceTree = "<group>"; };
		6B09307F29117B1000D66B47 /* NetworkingError.swift */ = {isa = PBXFileReference; lastKnownFileType = sourcecode.swift; path = NetworkingError.swift; sourceTree = "<group>"; };
		6B09308129117B3800D66B47 /* NetworkManager.swift */ = {isa = PBXFileReference; lastKnownFileType = sourcecode.swift; path = NetworkManager.swift; sourceTree = "<group>"; };
		6B09E9F02916DC6C00DA227A /* PokemonDetailsDataModelFULL.swift */ = {isa = PBXFileReference; lastKnownFileType = sourcecode.swift; path = PokemonDetailsDataModelFULL.swift; sourceTree = "<group>"; };
		6B3C09182913E527006FC890 /* PokemonNetworkManager000.swift */ = {isa = PBXFileReference; lastKnownFileType = sourcecode.swift; path = PokemonNetworkManager000.swift; sourceTree = "<group>"; };
		6B6FAE3E29117FEF00C26690 /* ApiService.swift */ = {isa = PBXFileReference; lastKnownFileType = sourcecode.swift; path = ApiService.swift; sourceTree = "<group>"; };
		6B6FAE4029118D1400C26690 /* FavoriteCell.swift */ = {isa = PBXFileReference; lastKnownFileType = sourcecode.swift; path = FavoriteCell.swift; sourceTree = "<group>"; };
		6B6FAE422911910100C26690 /* FavoritePokemonDataModel.swift */ = {isa = PBXFileReference; lastKnownFileType = sourcecode.swift; path = FavoritePokemonDataModel.swift; sourceTree = "<group>"; };
		6B6FAE452911BAAF00C26690 /* DetailsPokemonViewController.swift */ = {isa = PBXFileReference; lastKnownFileType = sourcecode.swift; path = DetailsPokemonViewController.swift; sourceTree = "<group>"; };
		6B98B870291BE11900F90F25 /* PokemonTests.xctest */ = {isa = PBXFileReference; explicitFileType = wrapper.cfbundle; includeInIndex = 0; path = PokemonTests.xctest; sourceTree = BUILT_PRODUCTS_DIR; };
		6B98B872291BE11900F90F25 /* PokemonTests.swift */ = {isa = PBXFileReference; lastKnownFileType = sourcecode.swift; path = PokemonTests.swift; sourceTree = "<group>"; };
		6BA60BA12919B23300796A67 /* Extensions.swift */ = {isa = PBXFileReference; lastKnownFileType = sourcecode.swift; path = Extensions.swift; sourceTree = "<group>"; };
		6BA60BA3291A665600796A67 /* Colors.swift */ = {isa = PBXFileReference; lastKnownFileType = sourcecode.swift; path = Colors.swift; sourceTree = "<group>"; };
		6BA60BAB291A6B7700796A67 /* PokemonsViewModel.swift */ = {isa = PBXFileReference; lastKnownFileType = sourcecode.swift; path = PokemonsViewModel.swift; sourceTree = "<group>"; };
		6BA60BAD291A6BBA00796A67 /* DetailsPokemonViewModel.swift */ = {isa = PBXFileReference; lastKnownFileType = sourcecode.swift; path = DetailsPokemonViewModel.swift; sourceTree = "<group>"; };
		6BA60BAF291A766500796A67 /* PokemonNetworkManager.swift */ = {isa = PBXFileReference; lastKnownFileType = sourcecode.swift; path = PokemonNetworkManager.swift; sourceTree = "<group>"; };
		6BA60BB2291ACEB800796A67 /* PokemonDetailsDataModel.swift */ = {isa = PBXFileReference; lastKnownFileType = sourcecode.swift; path = PokemonDetailsDataModel.swift; sourceTree = "<group>"; };
		9F08A852C3B2E68B35B1EA60 /* Pods-Pokemon.debug.xcconfig */ = {isa = PBXFileReference; includeInIndex = 1; lastKnownFileType = text.xcconfig; name = "Pods-Pokemon.debug.xcconfig"; path = "Target Support Files/Pods-Pokemon/Pods-Pokemon.debug.xcconfig"; sourceTree = "<group>"; };
		FD5B6F7688F36FB20B9A5205 /* Pods-Pokemon.release.xcconfig */ = {isa = PBXFileReference; includeInIndex = 1; lastKnownFileType = text.xcconfig; name = "Pods-Pokemon.release.xcconfig"; path = "Target Support Files/Pods-Pokemon/Pods-Pokemon.release.xcconfig"; sourceTree = "<group>"; };
/* End PBXFileReference section */

/* Begin PBXFrameworksBuildPhase section */
		6B09304B2911561400D66B47 /* Frameworks */ = {
			isa = PBXFrameworksBuildPhase;
			buildActionMask = 2147483647;
			files = (
				646543BDAE4EABE8B6418D84 /* Pods_Pokemon.framework in Frameworks */,
			);
			runOnlyForDeploymentPostprocessing = 0;
		};
		6B98B86D291BE11900F90F25 /* Frameworks */ = {
			isa = PBXFrameworksBuildPhase;
			buildActionMask = 2147483647;
			files = (
			);
			runOnlyForDeploymentPostprocessing = 0;
		};
/* End PBXFrameworksBuildPhase section */

/* Begin PBXGroup section */
		6B0930452911561400D66B47 = {
			isa = PBXGroup;
			children = (
				6B0930502911561400D66B47 /* Pokemon */,
				6B98B871291BE11900F90F25 /* PokemonTests */,
				6B09304F2911561400D66B47 /* Products */,
				E3D5E2DB8448182919FC1888 /* Pods */,
				FC373988E29C3A8D8F55CADC /* Frameworks */,
			);
			sourceTree = "<group>";
		};
		6B09304F2911561400D66B47 /* Products */ = {
			isa = PBXGroup;
			children = (
				6B09304E2911561400D66B47 /* Pokemon.app */,
				6B98B870291BE11900F90F25 /* PokemonTests.xctest */,
			);
			name = Products;
			sourceTree = "<group>";
		};
		6B0930502911561400D66B47 /* Pokemon */ = {
			isa = PBXGroup;
			children = (
				6BA60BA5291A6A4B00796A67 /* Main */,
				6B6FAE442911912E00C26690 /* Model */,
				6BA60BA6291A6A7500796A67 /* View */,
				6BA60BAA291A6B5900796A67 /* ViewModel */,
				6B09307A29117AB100D66B47 /* Network */,
				6BA60BB1291A76C100796A67 /* Networking */,
				6BA60BA7291A6AB200796A67 /* Shared */,
				6BA60BA9291A6B0B00796A67 /* TableViewCells */,
				6BA60BA8291A6ACC00796A67 /* Extensions */,
				6B09305A2911561600D66B47 /* Assets.xcassets */,
				6B09305C2911561600D66B47 /* LaunchScreen.storyboard */,
				6B09305F2911561600D66B47 /* Info.plist */,
			);
			path = Pokemon;
			sourceTree = "<group>";
		};
		6B09307A29117AB100D66B47 /* Network */ = {
			isa = PBXGroup;
			children = (
				6B6FAE3E29117FEF00C26690 /* ApiService.swift */,
				6BA60BAF291A766500796A67 /* PokemonNetworkManager.swift */,
			);
			name = Network;
			sourceTree = "<group>";
		};
		6B6FAE442911912E00C26690 /* Model */ = {
			isa = PBXGroup;
			children = (
				6B09306E2911643A00D66B47 /* ResourceDataModel.swift */,
				6B0930702911647600D66B47 /* PokemonDataModel.swift */,
				6BA60BB2291ACEB800796A67 /* PokemonDetailsDataModel.swift */,
				6B09E9F02916DC6C00DA227A /* PokemonDetailsDataModelFULL.swift */,
				6B6FAE422911910100C26690 /* FavoritePokemonDataModel.swift */,
			);
			name = Model;
			sourceTree = "<group>";
		};
		6B98B871291BE11900F90F25 /* PokemonTests */ = {
			isa = PBXGroup;
			children = (
				6B98B872291BE11900F90F25 /* PokemonTests.swift */,
			);
			path = PokemonTests;
			sourceTree = "<group>";
		};
		6BA60BA5291A6A4B00796A67 /* Main */ = {
			isa = PBXGroup;
			children = (
				6B0930512911561400D66B47 /* AppDelegate.swift */,
				6B0930532911561400D66B47 /* SceneDelegate.swift */,
			);
			path = Main;
			sourceTree = "<group>";
		};
		6BA60BA6291A6A7500796A67 /* View */ = {
			isa = PBXGroup;
			children = (
				6B0930552911561400D66B47 /* ViewController.swift */,
				6B0930662911592700D66B47 /* PokemonsViewController.swift */,
				6B6FAE452911BAAF00C26690 /* DetailsPokemonViewController.swift */,
				6B09306A2911596A00D66B47 /* FavoritePokemonsViewController.swift */,
			);
			path = View;
			sourceTree = "<group>";
		};
		6BA60BA7291A6AB200796A67 /* Shared */ = {
			isa = PBXGroup;
			children = (
				6BA60BA3291A665600796A67 /* Colors.swift */,
				6B0930742911663E00D66B47 /* Constants.swift */,
			);
			name = Shared;
			sourceTree = "<group>";
		};
		6BA60BA8291A6ACC00796A67 /* Extensions */ = {
			isa = PBXGroup;
			children = (
				6BA60BA12919B23300796A67 /* Extensions.swift */,
			);
			name = Extensions;
			sourceTree = "<group>";
		};
		6BA60BA9291A6B0B00796A67 /* TableViewCells */ = {
			isa = PBXGroup;
			children = (
				6B093072291165C500D66B47 /* PokemonCell.swift */,
				6B6FAE4029118D1400C26690 /* FavoriteCell.swift */,
			);
			path = TableViewCells;
			sourceTree = "<group>";
		};
		6BA60BAA291A6B5900796A67 /* ViewModel */ = {
			isa = PBXGroup;
			children = (
				6BA60BAB291A6B7700796A67 /* PokemonsViewModel.swift */,
				6BA60BAD291A6BBA00796A67 /* DetailsPokemonViewModel.swift */,
			);
			path = ViewModel;
			sourceTree = "<group>";
		};
		6BA60BB1291A76C100796A67 /* Networking */ = {
			isa = PBXGroup;
			children = (
				6B09307B29117ACA00D66B47 /* ApiURL.swift */,
				6B3C09182913E527006FC890 /* PokemonNetworkManager000.swift */,
				6B09307F29117B1000D66B47 /* NetworkingError.swift */,
				6B09308129117B3800D66B47 /* NetworkManager.swift */,
				6B09307D29117AF000D66B47 /* HTTPMethod.swift */,
			);
			path = Networking;
			sourceTree = "<group>";
		};
		E3D5E2DB8448182919FC1888 /* Pods */ = {
			isa = PBXGroup;
			children = (
				9F08A852C3B2E68B35B1EA60 /* Pods-Pokemon.debug.xcconfig */,
				FD5B6F7688F36FB20B9A5205 /* Pods-Pokemon.release.xcconfig */,
			);
			path = Pods;
			sourceTree = "<group>";
		};
		FC373988E29C3A8D8F55CADC /* Frameworks */ = {
			isa = PBXGroup;
			children = (
				3A8805B505FFE9705EAF4D77 /* Pods_Pokemon.framework */,
			);
			name = Frameworks;
			sourceTree = "<group>";
		};
/* End PBXGroup section */

/* Begin PBXNativeTarget section */
		6B09304D2911561400D66B47 /* Pokemon */ = {
			isa = PBXNativeTarget;
			buildConfigurationList = 6B0930622911561600D66B47 /* Build configuration list for PBXNativeTarget "Pokemon" */;
			buildPhases = (
				4CBFE1147CA82A80A64024EA /* [CP] Check Pods Manifest.lock */,
				6B09304A2911561400D66B47 /* Sources */,
				6B09304B2911561400D66B47 /* Frameworks */,
				6B09304C2911561400D66B47 /* Resources */,
				E0BFFF0B4108461D20E7C130 /* [CP] Embed Pods Frameworks */,
			);
			buildRules = (
			);
			dependencies = (
			);
			name = Pokemon;
			productName = Pokemon;
			productReference = 6B09304E2911561400D66B47 /* Pokemon.app */;
			productType = "com.apple.product-type.application";
		};
		6B98B86F291BE11900F90F25 /* PokemonTests */ = {
			isa = PBXNativeTarget;
			buildConfigurationList = 6B98B878291BE11900F90F25 /* Build configuration list for PBXNativeTarget "PokemonTests" */;
			buildPhases = (
				6B98B86C291BE11900F90F25 /* Sources */,
				6B98B86D291BE11900F90F25 /* Frameworks */,
				6B98B86E291BE11900F90F25 /* Resources */,
			);
			buildRules = (
			);
			dependencies = (
				6B98B875291BE11900F90F25 /* PBXTargetDependency */,
			);
			name = PokemonTests;
			productName = PokemonTests;
			productReference = 6B98B870291BE11900F90F25 /* PokemonTests.xctest */;
			productType = "com.apple.product-type.bundle.unit-test";
		};
/* End PBXNativeTarget section */

/* Begin PBXProject section */
		6B0930462911561400D66B47 /* Project object */ = {
			isa = PBXProject;
			attributes = {
				BuildIndependentTargetsInParallel = 1;
				LastSwiftUpdateCheck = 1410;
				LastUpgradeCheck = 1400;
				TargetAttributes = {
					6B09304D2911561400D66B47 = {
						CreatedOnToolsVersion = 14.0.1;
					};
					6B98B86F291BE11900F90F25 = {
						CreatedOnToolsVersion = 14.1;
						TestTargetID = 6B09304D2911561400D66B47;
					};
				};
			};
			buildConfigurationList = 6B0930492911561400D66B47 /* Build configuration list for PBXProject "Pokemon" */;
			compatibilityVersion = "Xcode 13.0";
			developmentRegion = en;
			hasScannedForEncodings = 0;
			knownRegions = (
				en,
				Base,
			);
			mainGroup = 6B0930452911561400D66B47;
			productRefGroup = 6B09304F2911561400D66B47 /* Products */;
			projectDirPath = "";
			projectRoot = "";
			targets = (
				6B09304D2911561400D66B47 /* Pokemon */,
				6B98B86F291BE11900F90F25 /* PokemonTests */,
			);
		};
/* End PBXProject section */

/* Begin PBXResourcesBuildPhase section */
		6B09304C2911561400D66B47 /* Resources */ = {
			isa = PBXResourcesBuildPhase;
			buildActionMask = 2147483647;
			files = (
				6B09305E2911561600D66B47 /* LaunchScreen.storyboard in Resources */,
				6B09305B2911561600D66B47 /* Assets.xcassets in Resources */,
			);
			runOnlyForDeploymentPostprocessing = 0;
		};
		6B98B86E291BE11900F90F25 /* Resources */ = {
			isa = PBXResourcesBuildPhase;
			buildActionMask = 2147483647;
			files = (
			);
			runOnlyForDeploymentPostprocessing = 0;
		};
/* End PBXResourcesBuildPhase section */

/* Begin PBXShellScriptBuildPhase section */
		4CBFE1147CA82A80A64024EA /* [CP] Check Pods Manifest.lock */ = {
			isa = PBXShellScriptBuildPhase;
			buildActionMask = 2147483647;
			files = (
			);
			inputFileListPaths = (
			);
			inputPaths = (
				"${PODS_PODFILE_DIR_PATH}/Podfile.lock",
				"${PODS_ROOT}/Manifest.lock",
			);
			name = "[CP] Check Pods Manifest.lock";
			outputFileListPaths = (
			);
			outputPaths = (
				"$(DERIVED_FILE_DIR)/Pods-Pokemon-checkManifestLockResult.txt",
			);
			runOnlyForDeploymentPostprocessing = 0;
			shellPath = /bin/sh;
			shellScript = "diff \"${PODS_PODFILE_DIR_PATH}/Podfile.lock\" \"${PODS_ROOT}/Manifest.lock\" > /dev/null\nif [ $? != 0 ] ; then\n    # print error to STDERR\n    echo \"error: The sandbox is not in sync with the Podfile.lock. Run 'pod install' or update your CocoaPods installation.\" >&2\n    exit 1\nfi\n# This output is used by Xcode 'outputs' to avoid re-running this script phase.\necho \"SUCCESS\" > \"${SCRIPT_OUTPUT_FILE_0}\"\n";
			showEnvVarsInLog = 0;
		};
		E0BFFF0B4108461D20E7C130 /* [CP] Embed Pods Frameworks */ = {
			isa = PBXShellScriptBuildPhase;
			buildActionMask = 2147483647;
			files = (
			);
			inputFileListPaths = (
				"${PODS_ROOT}/Target Support Files/Pods-Pokemon/Pods-Pokemon-frameworks-${CONFIGURATION}-input-files.xcfilelist",
			);
			name = "[CP] Embed Pods Frameworks";
			outputFileListPaths = (
				"${PODS_ROOT}/Target Support Files/Pods-Pokemon/Pods-Pokemon-frameworks-${CONFIGURATION}-output-files.xcfilelist",
			);
			runOnlyForDeploymentPostprocessing = 0;
			shellPath = /bin/sh;
			shellScript = "\"${PODS_ROOT}/Target Support Files/Pods-Pokemon/Pods-Pokemon-frameworks.sh\"\n";
			showEnvVarsInLog = 0;
		};
/* End PBXShellScriptBuildPhase section */

/* Begin PBXSourcesBuildPhase section */
		6B09304A2911561400D66B47 /* Sources */ = {
			isa = PBXSourcesBuildPhase;
			buildActionMask = 2147483647;
			files = (
				6BA60BA22919B23300796A67 /* Extensions.swift in Sources */,
				6BA60BA4291A665600796A67 /* Colors.swift in Sources */,
				6B09307C29117ACA00D66B47 /* ApiURL.swift in Sources */,
				6BA60BAE291A6BBA00796A67 /* DetailsPokemonViewModel.swift in Sources */,
				6B0930712911647600D66B47 /* PokemonDataModel.swift in Sources */,
				6B09306B2911596A00D66B47 /* FavoritePokemonsViewController.swift in Sources */,
				6BA60BB0291A766500796A67 /* PokemonNetworkManager.swift in Sources */,
				6B09308229117B3800D66B47 /* NetworkManager.swift in Sources */,
				6B3C09192913E527006FC890 /* PokemonNetworkManager000.swift in Sources */,
				6B09307E29117AF000D66B47 /* HTTPMethod.swift in Sources */,
				6B09306F2911643A00D66B47 /* ResourceDataModel.swift in Sources */,
				6B0930562911561400D66B47 /* ViewController.swift in Sources */,
				6B0930522911561400D66B47 /* AppDelegate.swift in Sources */,
				6B093073291165C500D66B47 /* PokemonCell.swift in Sources */,
				6B6FAE462911BAAF00C26690 /* DetailsPokemonViewController.swift in Sources */,
				6B0930672911592700D66B47 /* PokemonsViewController.swift in Sources */,
				6B0930542911561400D66B47 /* SceneDelegate.swift in Sources */,
				6B09308029117B1000D66B47 /* NetworkingError.swift in Sources */,
				6B6FAE4129118D1400C26690 /* FavoriteCell.swift in Sources */,
				6BA60BB3291ACEB800796A67 /* PokemonDetailsDataModel.swift in Sources */,
				6B09E9F12916DC6C00DA227A /* PokemonDetailsDataModelFULL.swift in Sources */,
				6B6FAE432911910100C26690 /* FavoritePokemonDataModel.swift in Sources */,
				6B6FAE3F29117FEF00C26690 /* ApiService.swift in Sources */,
				6BA60BAC291A6B7700796A67 /* PokemonsViewModel.swift in Sources */,
				6B0930752911663E00D66B47 /* Constants.swift in Sources */,
			);
			runOnlyForDeploymentPostprocessing = 0;
		};
		6B98B86C291BE11900F90F25 /* Sources */ = {
			isa = PBXSourcesBuildPhase;
			buildActionMask = 2147483647;
			files = (
				6B98B873291BE11900F90F25 /* PokemonTests.swift in Sources */,
			);
			runOnlyForDeploymentPostprocessing = 0;
		};
/* End PBXSourcesBuildPhase section */

/* Begin PBXTargetDependency section */
		6B98B875291BE11900F90F25 /* PBXTargetDependency */ = {
			isa = PBXTargetDependency;
			target = 6B09304D2911561400D66B47 /* Pokemon */;
			targetProxy = 6B98B874291BE11900F90F25 /* PBXContainerItemProxy */;
		};
/* End PBXTargetDependency section */

/* Begin PBXVariantGroup section */
		6B09305C2911561600D66B47 /* LaunchScreen.storyboard */ = {
			isa = PBXVariantGroup;
			children = (
				6B09305D2911561600D66B47 /* Base */,
			);
			name = LaunchScreen.storyboard;
			sourceTree = "<group>";
		};
/* End PBXVariantGroup section */

/* Begin XCBuildConfiguration section */
		6B0930602911561600D66B47 /* Debug */ = {
			isa = XCBuildConfiguration;
			buildSettings = {
				ALWAYS_SEARCH_USER_PATHS = NO;
				CLANG_ANALYZER_NONNULL = YES;
				CLANG_ANALYZER_NUMBER_OBJECT_CONVERSION = YES_AGGRESSIVE;
				CLANG_CXX_LANGUAGE_STANDARD = "gnu++20";
				CLANG_ENABLE_MODULES = YES;
				CLANG_ENABLE_OBJC_ARC = YES;
				CLANG_ENABLE_OBJC_WEAK = YES;
				CLANG_WARN_BLOCK_CAPTURE_AUTORELEASING = YES;
				CLANG_WARN_BOOL_CONVERSION = YES;
				CLANG_WARN_COMMA = YES;
				CLANG_WARN_CONSTANT_CONVERSION = YES;
				CLANG_WARN_DEPRECATED_OBJC_IMPLEMENTATIONS = YES;
				CLANG_WARN_DIRECT_OBJC_ISA_USAGE = YES_ERROR;
				CLANG_WARN_DOCUMENTATION_COMMENTS = YES;
				CLANG_WARN_EMPTY_BODY = YES;
				CLANG_WARN_ENUM_CONVERSION = YES;
				CLANG_WARN_INFINITE_RECURSION = YES;
				CLANG_WARN_INT_CONVERSION = YES;
				CLANG_WARN_NON_LITERAL_NULL_CONVERSION = YES;
				CLANG_WARN_OBJC_IMPLICIT_RETAIN_SELF = YES;
				CLANG_WARN_OBJC_LITERAL_CONVERSION = YES;
				CLANG_WARN_OBJC_ROOT_CLASS = YES_ERROR;
				CLANG_WARN_QUOTED_INCLUDE_IN_FRAMEWORK_HEADER = YES;
				CLANG_WARN_RANGE_LOOP_ANALYSIS = YES;
				CLANG_WARN_STRICT_PROTOTYPES = YES;
				CLANG_WARN_SUSPICIOUS_MOVE = YES;
				CLANG_WARN_UNGUARDED_AVAILABILITY = YES_AGGRESSIVE;
				CLANG_WARN_UNREACHABLE_CODE = YES;
				CLANG_WARN__DUPLICATE_METHOD_MATCH = YES;
				COPY_PHASE_STRIP = NO;
				DEBUG_INFORMATION_FORMAT = dwarf;
				ENABLE_STRICT_OBJC_MSGSEND = YES;
				ENABLE_TESTABILITY = YES;
				GCC_C_LANGUAGE_STANDARD = gnu11;
				GCC_DYNAMIC_NO_PIC = NO;
				GCC_NO_COMMON_BLOCKS = YES;
				GCC_OPTIMIZATION_LEVEL = 0;
				GCC_PREPROCESSOR_DEFINITIONS = (
					"DEBUG=1",
					"$(inherited)",
				);
				GCC_WARN_64_TO_32_BIT_CONVERSION = YES;
				GCC_WARN_ABOUT_RETURN_TYPE = YES_ERROR;
				GCC_WARN_UNDECLARED_SELECTOR = YES;
				GCC_WARN_UNINITIALIZED_AUTOS = YES_AGGRESSIVE;
				GCC_WARN_UNUSED_FUNCTION = YES;
				GCC_WARN_UNUSED_VARIABLE = YES;
				IPHONEOS_DEPLOYMENT_TARGET = 16.0;
				MTL_ENABLE_DEBUG_INFO = INCLUDE_SOURCE;
				MTL_FAST_MATH = YES;
				ONLY_ACTIVE_ARCH = YES;
				SDKROOT = iphoneos;
				SWIFT_ACTIVE_COMPILATION_CONDITIONS = DEBUG;
				SWIFT_OPTIMIZATION_LEVEL = "-Onone";
			};
			name = Debug;
		};
		6B0930612911561600D66B47 /* Release */ = {
			isa = XCBuildConfiguration;
			buildSettings = {
				ALWAYS_SEARCH_USER_PATHS = NO;
				CLANG_ANALYZER_NONNULL = YES;
				CLANG_ANALYZER_NUMBER_OBJECT_CONVERSION = YES_AGGRESSIVE;
				CLANG_CXX_LANGUAGE_STANDARD = "gnu++20";
				CLANG_ENABLE_MODULES = YES;
				CLANG_ENABLE_OBJC_ARC = YES;
				CLANG_ENABLE_OBJC_WEAK = YES;
				CLANG_WARN_BLOCK_CAPTURE_AUTORELEASING = YES;
				CLANG_WARN_BOOL_CONVERSION = YES;
				CLANG_WARN_COMMA = YES;
				CLANG_WARN_CONSTANT_CONVERSION = YES;
				CLANG_WARN_DEPRECATED_OBJC_IMPLEMENTATIONS = YES;
				CLANG_WARN_DIRECT_OBJC_ISA_USAGE = YES_ERROR;
				CLANG_WARN_DOCUMENTATION_COMMENTS = YES;
				CLANG_WARN_EMPTY_BODY = YES;
				CLANG_WARN_ENUM_CONVERSION = YES;
				CLANG_WARN_INFINITE_RECURSION = YES;
				CLANG_WARN_INT_CONVERSION = YES;
				CLANG_WARN_NON_LITERAL_NULL_CONVERSION = YES;
				CLANG_WARN_OBJC_IMPLICIT_RETAIN_SELF = YES;
				CLANG_WARN_OBJC_LITERAL_CONVERSION = YES;
				CLANG_WARN_OBJC_ROOT_CLASS = YES_ERROR;
				CLANG_WARN_QUOTED_INCLUDE_IN_FRAMEWORK_HEADER = YES;
				CLANG_WARN_RANGE_LOOP_ANALYSIS = YES;
				CLANG_WARN_STRICT_PROTOTYPES = YES;
				CLANG_WARN_SUSPICIOUS_MOVE = YES;
				CLANG_WARN_UNGUARDED_AVAILABILITY = YES_AGGRESSIVE;
				CLANG_WARN_UNREACHABLE_CODE = YES;
				CLANG_WARN__DUPLICATE_METHOD_MATCH = YES;
				COPY_PHASE_STRIP = NO;
				DEBUG_INFORMATION_FORMAT = "dwarf-with-dsym";
				ENABLE_NS_ASSERTIONS = NO;
				ENABLE_STRICT_OBJC_MSGSEND = YES;
				GCC_C_LANGUAGE_STANDARD = gnu11;
				GCC_NO_COMMON_BLOCKS = YES;
				GCC_WARN_64_TO_32_BIT_CONVERSION = YES;
				GCC_WARN_ABOUT_RETURN_TYPE = YES_ERROR;
				GCC_WARN_UNDECLARED_SELECTOR = YES;
				GCC_WARN_UNINITIALIZED_AUTOS = YES_AGGRESSIVE;
				GCC_WARN_UNUSED_FUNCTION = YES;
				GCC_WARN_UNUSED_VARIABLE = YES;
				IPHONEOS_DEPLOYMENT_TARGET = 16.0;
				MTL_ENABLE_DEBUG_INFO = NO;
				MTL_FAST_MATH = YES;
				SDKROOT = iphoneos;
				SWIFT_COMPILATION_MODE = wholemodule;
				SWIFT_OPTIMIZATION_LEVEL = "-O";
				VALIDATE_PRODUCT = YES;
			};
			name = Release;
		};
		6B0930632911561600D66B47 /* Debug */ = {
			isa = XCBuildConfiguration;
			baseConfigurationReference = 9F08A852C3B2E68B35B1EA60 /* Pods-Pokemon.debug.xcconfig */;
			buildSettings = {
				ASSETCATALOG_COMPILER_APPICON_NAME = AppIcon;
				ASSETCATALOG_COMPILER_GLOBAL_ACCENT_COLOR_NAME = AccentColor;
				CODE_SIGN_STYLE = Automatic;
				CURRENT_PROJECT_VERSION = 1;
				GENERATE_INFOPLIST_FILE = YES;
				INFOPLIST_FILE = Pokemon/Info.plist;
				INFOPLIST_KEY_UIApplicationSupportsIndirectInputEvents = YES;
				INFOPLIST_KEY_UILaunchStoryboardName = LaunchScreen;
				INFOPLIST_KEY_UIStatusBarStyle = "";
				INFOPLIST_KEY_UISupportedInterfaceOrientations_iPad = "UIInterfaceOrientationPortrait UIInterfaceOrientationPortraitUpsideDown UIInterfaceOrientationLandscapeLeft UIInterfaceOrientationLandscapeRight";
				INFOPLIST_KEY_UISupportedInterfaceOrientations_iPhone = "UIInterfaceOrientationPortrait UIInterfaceOrientationLandscapeLeft UIInterfaceOrientationLandscapeRight";
				LD_RUNPATH_SEARCH_PATHS = (
					"$(inherited)",
					"@executable_path/Frameworks",
				);
				MARKETING_VERSION = 1.0;
				PRODUCT_BUNDLE_IDENTIFIER = com.sadeghi.mommo.Pokemon;
				PRODUCT_NAME = "$(TARGET_NAME)";
				SWIFT_EMIT_LOC_STRINGS = YES;
				SWIFT_VERSION = 5.0;
				TARGETED_DEVICE_FAMILY = "1,2";
			};
			name = Debug;
		};
		6B0930642911561600D66B47 /* Release */ = {
			isa = XCBuildConfiguration;
			baseConfigurationReference = FD5B6F7688F36FB20B9A5205 /* Pods-Pokemon.release.xcconfig */;
			buildSettings = {
				ASSETCATALOG_COMPILER_APPICON_NAME = AppIcon;
				ASSETCATALOG_COMPILER_GLOBAL_ACCENT_COLOR_NAME = AccentColor;
				CODE_SIGN_STYLE = Automatic;
				CURRENT_PROJECT_VERSION = 1;
				GENERATE_INFOPLIST_FILE = YES;
				INFOPLIST_FILE = Pokemon/Info.plist;
				INFOPLIST_KEY_UIApplicationSupportsIndirectInputEvents = YES;
				INFOPLIST_KEY_UILaunchStoryboardName = LaunchScreen;
				INFOPLIST_KEY_UIStatusBarStyle = "";
				INFOPLIST_KEY_UISupportedInterfaceOrientations_iPad = "UIInterfaceOrientationPortrait UIInterfaceOrientationPortraitUpsideDown UIInterfaceOrientationLandscapeLeft UIInterfaceOrientationLandscapeRight";
				INFOPLIST_KEY_UISupportedInterfaceOrientations_iPhone = "UIInterfaceOrientationPortrait UIInterfaceOrientationLandscapeLeft UIInterfaceOrientationLandscapeRight";
				LD_RUNPATH_SEARCH_PATHS = (
					"$(inherited)",
					"@executable_path/Frameworks",
				);
				MARKETING_VERSION = 1.0;
				PRODUCT_BUNDLE_IDENTIFIER = com.sadeghi.mommo.Pokemon;
				PRODUCT_NAME = "$(TARGET_NAME)";
				SWIFT_EMIT_LOC_STRINGS = YES;
				SWIFT_VERSION = 5.0;
				TARGETED_DEVICE_FAMILY = "1,2";
			};
			name = Release;
		};
		6B98B876291BE11900F90F25 /* Debug */ = {
			isa = XCBuildConfiguration;
			buildSettings = {
				BUNDLE_LOADER = "$(TEST_HOST)";
				CODE_SIGN_STYLE = Automatic;
				CURRENT_PROJECT_VERSION = 1;
				GENERATE_INFOPLIST_FILE = YES;
				IPHONEOS_DEPLOYMENT_TARGET = 16.1;
				MARKETING_VERSION = 1.0;
				PRODUCT_BUNDLE_IDENTIFIER = com.sadeghi.mommo.PokemonTests;
				PRODUCT_NAME = "$(TARGET_NAME)";
				SWIFT_EMIT_LOC_STRINGS = NO;
				SWIFT_VERSION = 5.0;
				TARGETED_DEVICE_FAMILY = "1,2";
				TEST_HOST = "$(BUILT_PRODUCTS_DIR)/Pokemon.app/$(BUNDLE_EXECUTABLE_FOLDER_PATH)/Pokemon";
			};
			name = Debug;
		};
		6B98B877291BE11900F90F25 /* Release */ = {
			isa = XCBuildConfiguration;
			buildSettings = {
				BUNDLE_LOADER = "$(TEST_HOST)";
				CODE_SIGN_STYLE = Automatic;
				CURRENT_PROJECT_VERSION = 1;
				GENERATE_INFOPLIST_FILE = YES;
				IPHONEOS_DEPLOYMENT_TARGET = 16.1;
				MARKETING_VERSION = 1.0;
				PRODUCT_BUNDLE_IDENTIFIER = com.sadeghi.mommo.PokemonTests;
				PRODUCT_NAME = "$(TARGET_NAME)";
				SWIFT_EMIT_LOC_STRINGS = NO;
				SWIFT_VERSION = 5.0;
				TARGETED_DEVICE_FAMILY = "1,2";
				TEST_HOST = "$(BUILT_PRODUCTS_DIR)/Pokemon.app/$(BUNDLE_EXECUTABLE_FOLDER_PATH)/Pokemon";
			};
			name = Release;
		};
/* End XCBuildConfiguration section */

/* Begin XCConfigurationList section */
		6B0930492911561400D66B47 /* Build configuration list for PBXProject "Pokemon" */ = {
			isa = XCConfigurationList;
			buildConfigurations = (
				6B0930602911561600D66B47 /* Debug */,
				6B0930612911561600D66B47 /* Release */,
			);
			defaultConfigurationIsVisible = 0;
			defaultConfigurationName = Release;
		};
		6B0930622911561600D66B47 /* Build configuration list for PBXNativeTarget "Pokemon" */ = {
			isa = XCConfigurationList;
			buildConfigurations = (
				6B0930632911561600D66B47 /* Debug */,
				6B0930642911561600D66B47 /* Release */,
			);
			defaultConfigurationIsVisible = 0;
			defaultConfigurationName = Release;
		};
		6B98B878291BE11900F90F25 /* Build configuration list for PBXNativeTarget "PokemonTests" */ = {
			isa = XCConfigurationList;
			buildConfigurations = (
				6B98B876291BE11900F90F25 /* Debug */,
				6B98B877291BE11900F90F25 /* Release */,
			);
			defaultConfigurationIsVisible = 0;
			defaultConfigurationName = Release;
		};
/* End XCConfigurationList section */
	};
	rootObject = 6B0930462911561400D66B47 /* Project object */;
}
